name: hackropole_alfred_hitchlock
source: hackropole
url: https://hackropole.fr/fr/challenges/pwn/fcsc2019-pwn-alfred-hitchlock/
theme: "\n            "
category: pwn
difficulty: medium
description: 'Challenge Alfred Hitchlock — '
runtime: file
file: alfred
flag:
  format: FCSC{...}
  value: 6de1f049d670724e7a124905f807aa16dc79014e8bc14570409c9422249455f3
writeup: writeups/hackropole_alfred_hitchlock.md
enabled: true
